
Microsoft Visual Studio Solution File, Format Version 12.00
# Visual Studio Version 17
VisualStudioVersion = 17.12.35527.113
MinimumVisualStudioVersion = 10.0.40219.1
Project("{FAE04EC0-301F-11D3-BF4B-00C04F79EFBC}") = "InsideSync.API", "InsideSync.API\InsideSync.API.csproj", "{6C66BC93-8845-4218-8F1F-E72653D5646A}"
EndProject
Project("{FAE04EC0-301F-11D3-BF4B-00C04F79EFBC}") = "InsideSync.Domain", "InsideSync.Core\InsideSync.Domain.csproj", "{93479602-4D37-4A08-8C65-97659449F474}"
EndProject
Project("{FAE04EC0-301F-11D3-BF4B-00C04F79EFBC}") = "InsideSync.Application", "InsideSync.Application\InsideSync.Application.csproj", "{1217CED8-783A-4DA3-8E1B-1E796C4A8623}"
EndProject
Project("{FAE04EC0-301F-11D3-BF4B-00C04F79EFBC}") = "InsideSync.Infrastructure", "InsideSync.Infrastructure\InsideSync.Infrastructure.csproj", "{41B63A36-F994-4C43-8259-314273173526}"
EndProject
Global
	GlobalSection(SolutionConfigurationPlatforms) = preSolution
		Debug|Any CPU = Debug|Any CPU
		Release|Any CPU = Release|Any CPU
	EndGlobalSection
	GlobalSection(ProjectConfigurationPlatforms) = postSolution
		{6C66BC93-8845-4218-8F1F-E72653D5646A}.Debug|Any CPU.ActiveCfg = Debug|Any CPU
		{6C66BC93-8845-4218-8F1F-E72653D5646A}.Debug|Any CPU.Build.0 = Debug|Any CPU
		{6C66BC93-8845-4218-8F1F-E72653D5646A}.Release|Any CPU.ActiveCfg = Release|Any CPU
		{6C66BC93-8845-4218-8F1F-E72653D5646A}.Release|Any CPU.Build.0 = Release|Any CPU
		{93479602-4D37-4A08-8C65-97659449F474}.Debug|Any CPU.ActiveCfg = Debug|Any CPU
		{93479602-4D37-4A08-8C65-97659449F474}.Debug|Any CPU.Build.0 = Debug|Any CPU
		{93479602-4D37-4A08-8C65-97659449F474}.Release|Any CPU.ActiveCfg = Release|Any CPU
		{93479602-4D37-4A08-8C65-97659449F474}.Release|Any CPU.Build.0 = Release|Any CPU
		{1217CED8-783A-4DA3-8E1B-1E796C4A8623}.Debug|Any CPU.ActiveCfg = Debug|Any CPU
		{1217CED8-783A-4DA3-8E1B-1E796C4A8623}.Debug|Any CPU.Build.0 = Debug|Any CPU
		{1217CED8-783A-4DA3-8E1B-1E796C4A8623}.Release|Any CPU.ActiveCfg = Release|Any CPU
		{1217CED8-783A-4DA3-8E1B-1E796C4A8623}.Release|Any CPU.Build.0 = Release|Any CPU
		{41B63A36-F994-4C43-8259-314273173526}.Debug|Any CPU.ActiveCfg = Debug|Any CPU
		{41B63A36-F994-4C43-8259-314273173526}.Debug|Any CPU.Build.0 = Debug|Any CPU
		{41B63A36-F994-4C43-8259-314273173526}.Release|Any CPU.ActiveCfg = Release|Any CPU
		{41B63A36-F994-4C43-8259-314273173526}.Release|Any CPU.Build.0 = Release|Any CPU
	EndGlobalSection
	GlobalSection(SolutionProperties) = preSolution
		HideSolutionNode = FALSE
	EndGlobalSection
EndGlobal
